// !$*UTF8*$!
{
	archiveVersion = 1;
	classes = {
	};
	objectVersion = 50;
	objects = {

/* Begin PBXBuildFile section */
		A48833C4208E476F008315FF /* AppDelegate.swift in Sources */ = {isa = PBXBuildFile; fileRef = A48833C3208E476F008315FF /* AppDelegate.swift */; };
		A48833C6208E476F008315FF /* ViewController.swift in Sources */ = {isa = PBXBuildFile; fileRef = A48833C5208E476F008315FF /* ViewController.swift */; };
		A48833C9208E476F008315FF /* Main.storyboard in Resources */ = {isa = PBXBuildFile; fileRef = A48833C7208E476F008315FF /* Main.storyboard */; };
		A48833CB208E4771008315FF /* Assets.xcassets in Resources */ = {isa = PBXBuildFile; fileRef = A48833CA208E4771008315FF /* Assets.xcassets */; };
		A48833CE208E4771008315FF /* LaunchScreen.storyboard in Resources */ = {isa = PBXBuildFile; fileRef = A48833CC208E4771008315FF /* LaunchScreen.storyboard */; };
		A48833D9208E4771008315FF /* TesteTests.swift in Sources */ = {isa = PBXBuildFile; fileRef = A48833D8208E4771008315FF /* TesteTests.swift */; };
		A48833E4208E4771008315FF /* TesteUITests.swift in Sources */ = {isa = PBXBuildFile; fileRef = A48833E3208E4771008315FF /* TesteUITests.swift */; };
/* End PBXBuildFile section */

/* Begin PBXContainerItemProxy section */
		A48833D5208E4771008315FF /* PBXContainerItemProxy */ = {
			isa = PBXContainerItemProxy;
			containerPortal = A48833B8208E476F008315FF /* Project object */;
			proxyType = 1;
			remoteGlobalIDString = A48833BF208E476F008315FF;
			remoteInfo = Teste;
		};
		A48833E0208E4771008315FF /* PBXContainerItemProxy */ = {
			isa = PBXContainerItemProxy;
			containerPortal = A48833B8208E476F008315FF /* Project object */;
			proxyType = 1;
			remoteGlobalIDString = A48833BF208E476F008315FF;
			remoteInfo = Teste;
		};
/* End PBXContainerItemProxy section */

/* Begin PBXFileReference section */
		A48833C0208E476F008315FF /* Teste.app */ = {isa = PBXFileReference; explicitFileType = wrapper.application; includeInIndex = 0; path = Teste.app; sourceTree = BUILT_PRODUCTS_DIR; };
		A48833C3208E476F008315FF /* AppDelegate.swift */ = {isa = PBXFileReference; lastKnownFileType = sourcecode.swift; path = AppDelegate.swift; sourceTree = "<group>"; };
		A48833C5208E476F008315FF /* ViewController.swift */ = {isa = PBXFileReference; lastKnownFileType = sourcecode.swift; path = ViewController.swift; sourceTree = "<group>"; };
		A48833C8208E476F008315FF /* Base */ = {isa = PBXFileReference; lastKnownFileType = file.storyboard; name = Base; path = Base.lproj/Main.storyboard; sourceTree = "<group>"; };
		A48833CA208E4771008315FF /* Assets.xcassets */ = {isa = PBXFileReference; lastKnownFileType = folder.assetcatalog; path = Assets.xcassets; sourceTree = "<group>"; };
		A48833CD208E4771008315FF /* Base */ = {isa = PBXFileReference; lastKnownFileType = file.storyboard; name = Base; path = Base.lproj/LaunchScreen.storyboard; sourceTree = "<group>"; };
		A48833CF208E4771008315FF /* Info.plist */ = {isa = PBXFileReference; lastKnownFileType = text.plist.xml; path = Info.plist; sourceTree = "<group>"; };
		A48833D4208E4771008315FF /* TesteTests.xctest */ = {isa = PBXFileReference; explicitFileType = wrapper.cfbundle; includeInIndex = 0; path = TesteTests.xctest; sourceTree = BUILT_PRODUCTS_DIR; };
		A48833D8208E4771008315FF /* TesteTests.swift */ = {isa = PBXFileReference; lastKnownFileType = sourcecode.swift; path = TesteTests.swift; sourceTree = "<group>"; };
		A48833DA208E4771008315FF /* Info.plist */ = {isa = PBXFileReference; lastKnownFileType = text.plist.xml; path = Info.plist; sourceTree = "<group>"; };
		A48833DF208E4771008315FF /* TesteUITests.xctest */ = {isa = PBXFileReference; explicitFileType = wrapper.cfbundle; includeInIndex = 0; path = TesteUITests.xctest; sourceTree = BUILT_PRODUCTS_DIR; };
		A48833E3208E4771008315FF /* TesteUITests.swift */ = {isa = PBXFileReference; lastKnownFileType = sourcecode.swift; path = TesteUITests.swift; sourceTree = "<group>"; };
		A48833E5208E4771008315FF /* Info.plist */ = {isa = PBXFileReference; lastKnownFileType = text.plist.xml; path = Info.plist; sourceTree = "<group>"; };
/* End PBXFileReference section */

/* Begin PBXFrameworksBuildPhase section */
		A48833BD208E476F008315FF /* Frameworks */ = {
			isa = PBXFrameworksBuildPhase;
			buildActionMask = 2147483647;
			files = (
			);
			runOnlyForDeploymentPostprocessing = 0;
		};
		A48833D1208E4771008315FF /* Frameworks */ = {
			isa = PBXFrameworksBuildPhase;
			buildActionMask = 2147483647;
			files = (
			);
			runOnlyForDeploymentPostprocessing = 0;
		};
		A48833DC208E4771008315FF /* Frameworks */ = {
			isa = PBXFrameworksBuildPhase;
			buildActionMask = 2147483647;
			files = (
			);
			runOnlyForDeploymentPostprocessing = 0;
		};
/* End PBXFrameworksBuildPhase section */

/* Begin PBXGroup section */
		A48833B7208E476F008315FF = {
			isa = PBXGroup;
			children = (
				A48833C2208E476F008315FF /* Teste */,
				A48833D7208E4771008315FF /* TesteTests */,
				A48833E2208E4771008315FF /* TesteUITests */,
				A48833C1208E476F008315FF /* Products */,
			);
			sourceTree = "<group>";
		};
		A48833C1208E476F008315FF /* Products */ = {
			isa = PBXGroup;
			children = (
				A48833C0208E476F008315FF /* Teste.app */,
				A48833D4208E4771008315FF /* TesteTests.xctest */,
				A48833DF208E4771008315FF /* TesteUITests.xctest */,
			);
			name = Products;
			sourceTree = "<group>";
		};
		A48833C2208E476F008315FF /* Teste */ = {
			isa = PBXGroup;
			children = (
				A48833C3208E476F008315FF /* AppDelegate.swift */,
				A48833C5208E476F008315FF /* ViewController.swift */,
				A48833C7208E476F008315FF /* Main.storyboard */,
				A48833CA208E4771008315FF /* Assets.xcassets */,
				A48833CC208E4771008315FF /* LaunchScreen.storyboard */,
				A48833CF208E4771008315FF /* Info.plist */,
			);
			path = Teste;
			sourceTree = "<group>";
		};
		A48833D7208E4771008315FF /* TesteTests */ = {
			isa = PBXGroup;
			children = (
				A48833D8208E4771008315FF /* TesteTests.swift */,
				A48833DA208E4771008315FF /* Info.plist */,
			);
			path = TesteTests;
			sourceTree = "<group>";
		};
		A48833E2208E4771008315FF /* TesteUITests */ = {
			isa = PBXGroup;
			children = (
				A48833E3208E4771008315FF /* TesteUITests.swift */,
				A48833E5208E4771008315FF /* Info.plist */,
			);
			path = TesteUITests;
			sourceTree = "<group>";
		};
/* End PBXGroup section */

/* Begin PBXNativeTarget section */
		A48833BF208E476F008315FF /* Teste */ = {
			isa = PBXNativeTarget;
			buildConfigurationList = A48833E8208E4771008315FF /* Build configuration list for PBXNativeTarget "Teste" */;
			buildPhases = (
				A48833BC208E476F008315FF /* Sources */,
				A48833BD208E476F008315FF /* Frameworks */,
				A48833BE208E476F008315FF /* Resources */,
			);
			buildRules = (
			);
			dependencies = (
			);
			name = Teste;
			productName = Teste;
			productReference = A48833C0208E476F008315FF /* Teste.app */;
			productType = "com.apple.product-type.application";
		};
		A48833D3208E4771008315FF /* TesteTests */ = {
			isa = PBXNativeTarget;
			buildConfigurationList = A48833EB208E4771008315FF /* Build configuration list for PBXNativeTarget "TesteTests" */;
			buildPhases = (
				A48833D0208E4771008315FF /* Sources */,
				A48833D1208E4771008315FF /* Frameworks */,
				A48833D2208E4771008315FF /* Resources */,
			);
			buildRules = (
			);
			dependencies = (
				A48833D6208E4771008315FF /* PBXTargetDependency */,
			);
			name = TesteTests;
			productName = TesteTests;
			productReference = A48833D4208E4771008315FF /* TesteTests.xctest */;
			productType = "com.apple.product-type.bundle.unit-test";
		};
		A48833DE208E4771008315FF /* TesteUITests */ = {
			isa = PBXNativeTarget;
			buildConfigurationList = A48833EE208E4771008315FF /* Build configuration list for PBXNativeTarget "TesteUITests" */;
			buildPhases = (
				A48833DB208E4771008315FF /* Sources */,
				A48833DC208E4771008315FF /* Frameworks */,
				A48833DD208E4771008315FF /* Resources */,
			);
			buildRules = (
			);
			dependencies = (
				A48833E1208E4771008315FF /* PBXTargetDependency */,
			);
			name = TesteUITests;
			productName = TesteUITests;
			productReference = A48833DF208E4771008315FF /* TesteUITests.xctest */;
			productType = "com.apple.product-type.bundle.ui-testing";
		};
/* End PBXNativeTarget section */

/* Begin PBXProject section */
		A48833B8208E476F008315FF /* Project object */ = {
			isa = PBXProject;
			attributes = {
				LastSwiftUpdateCheck = 0930;
				LastUpgradeCheck = 0930;
				ORGANIZATIONNAME = "Victor Miranda de Melo";
				TargetAttributes = {
					A48833BF208E476F008315FF = {
						CreatedOnToolsVersion = 9.3;
					};
					A48833D3208E4771008315FF = {
						CreatedOnToolsVersion = 9.3;
						TestTargetID = A48833BF208E476F008315FF;
					};
					A48833DE208E4771008315FF = {
						CreatedOnToolsVersion = 9.3;
						TestTargetID = A48833BF208E476F008315FF;
					};
				};
			};
			buildConfigurationList = A48833BB208E476F008315FF /* Build configuration list for PBXProject "Teste" */;
			compatibilityVersion = "Xcode 9.3";
			developmentRegion = en;
			hasScannedForEncodings = 0;
			knownRegions = (
				en,
				Base,
			);
			mainGroup = A48833B7208E476F008315FF;
			productRefGroup = A48833C1208E476F008315FF /* Products */;
			projectDirPath = "";
			projectRoot = "";
			targets = (
				A48833BF208E476F008315FF /* Teste */,
				A48833D3208E4771008315FF /* TesteTests */,
				A48833DE208E4771008315FF /* TesteUITests */,
			);
		};
/* End PBXProject section */

/* Begin PBXResourcesBuildPhase section */
		A48833BE208E476F008315FF /* Resources */ = {
			isa = PBXResourcesBuildPhase;
			buildActionMask = 2147483647;
			files = (
				A48833CE208E4771008315FF /* LaunchScreen.storyboard in Resources */,
				A48833CB208E4771008315FF /* Assets.xcassets in Resources */,
				A48833C9208E476F008315FF /* Main.storyboard in Resources */,
			);
			runOnlyForDeploymentPostprocessing = 0;
		};
		A48833D2208E4771008315FF /* Resources */ = {
			isa = PBXResourcesBuildPhase;
			buildActionMask = 2147483647;
			files = (
			);
			runOnlyForDeploymentPostprocessing = 0;
		};
		A48833DD208E4771008315FF /* Resources */ = {
			isa = PBXResourcesBuildPhase;
			buildActionMask = 2147483647;
			files = (
			);
			runOnlyForDeploymentPostprocessing = 0;
		};
/* End PBXResourcesBuildPhase section */

/* Begin PBXSourcesBuildPhase section */
		A48833BC208E476F008315FF /* Sources */ = {
			isa = PBXSourcesBuildPhase;
			buildActionMask = 2147483647;
			files = (
				A48833C6208E476F008315FF /* ViewController.swift in Sources */,
				A48833C4208E476F008315FF /* AppDelegate.swift in Sources */,
			);
			runOnlyForDeploymentPostprocessing = 0;
		};
		A48833D0208E4771008315FF /* Sources */ = {
			isa = PBXSourcesBuildPhase;
			buildActionMask = 2147483647;
			files = (
				A48833D9208E4771008315FF /* TesteTests.swift in Sources */,
			);
			runOnlyForDeploymentPostprocessing = 0;
		};
		A48833DB208E4771008315FF /* Sources */ = {
			isa = PBXSourcesBuildPhase;
			buildActionMask = 2147483647;
			files = (
				A48833E4208E4771008315FF /* TesteUITests.swift in Sources */,
			);
			runOnlyForDeploymentPostprocessing = 0;
		};
/* End PBXSourcesBuildPhase section */

/* Begin PBXTargetDependency section */
		A48833D6208E4771008315FF /* PBXTargetDependency */ = {
			isa = PBXTargetDependency;
			target = A48833BF208E476F008315FF /* Teste */;
			targetProxy = A48833D5208E4771008315FF /* PBXContainerItemProxy */;
		};
		A48833E1208E4771008315FF /* PBXTargetDependency */ = {
			isa = PBXTargetDependency;
			target = A48833BF208E476F008315FF /* Teste */;
			targetProxy = A48833E0208E4771008315FF /* PBXContainerItemProxy */;
		};
/* End PBXTargetDependency section */

/* Begin PBXVariantGroup section */
		A48833C7208E476F008315FF /* Main.storyboard */ = {
			isa = PBXVariantGroup;
			children = (
				A48833C8208E476F008315FF /* Base */,
			);
			name = Main.storyboard;
			sourceTree = "<group>";
		};
		A48833CC208E4771008315FF /* LaunchScreen.storyboard */ = {
			isa = PBXVariantGroup;
			children = (
				A48833CD208E4771008315FF /* Base */,
			);
			name = LaunchScreen.storyboard;
			sourceTree = "<group>";
		};
/* End PBXVariantGroup section */

/* Begin XCBuildConfiguration section */
		A48833E6208E4771008315FF /* Debug */ = {
			isa = XCBuildConfiguration;
			buildSettings = {
				ALWAYS_SEARCH_USER_PATHS = NO;
				CLANG_ANALYZER_NONNULL = YES;
				CLANG_ANALYZER_NUMBER_OBJECT_CONVERSION = YES_AGGRESSIVE;
				CLANG_CXX_LANGUAGE_STANDARD = "gnu++14";
				CLANG_CXX_LIBRARY = "libc++";
				CLANG_ENABLE_MODULES = YES;
				CLANG_ENABLE_OBJC_ARC = YES;
				CLANG_ENABLE_OBJC_WEAK = YES;
				CLANG_WARN_BLOCK_CAPTURE_AUTORELEASING = YES;
				CLANG_WARN_BOOL_CONVERSION = YES;
				CLANG_WARN_COMMA = YES;
				CLANG_WARN_CONSTANT_CONVERSION = YES;
				CLANG_WARN_DEPRECATED_OBJC_IMPLEMENTATIONS = YES;
				CLANG_WARN_DIRECT_OBJC_ISA_USAGE = YES_ERROR;
				CLANG_WARN_DOCUMENTATION_COMMENTS = YES;
				CLANG_WARN_EMPTY_BODY = YES;
				CLANG_WARN_ENUM_CONVERSION = YES;
				CLANG_WARN_INFINITE_RECURSION = YES;
				CLANG_WARN_INT_CONVERSION = YES;
				CLANG_WARN_NON_LITERAL_NULL_CONVERSION = YES;
				CLANG_WARN_OBJC_IMPLICIT_RETAIN_SELF = YES;
				CLANG_WARN_OBJC_LITERAL_CONVERSION = YES;
				CLANG_WARN_OBJC_ROOT_CLASS = YES_ERROR;
				CLANG_WARN_RANGE_LOOP_ANALYSIS = YES;
				CLANG_WARN_STRICT_PROTOTYPES = YES;
				CLANG_WARN_SUSPICIOUS_MOVE = YES;
				CLANG_WARN_UNGUARDED_AVAILABILITY = YES_AGGRESSIVE;
				CLANG_WARN_UNREACHABLE_CODE = YES;
				CLANG_WARN__DUPLICATE_METHOD_MATCH = YES;
				CODE_SIGN_IDENTITY = "iPhone Developer";
				COPY_PHASE_STRIP = NO;
				DEBUG_INFORMATION_FORMAT = dwarf;
				ENABLE_STRICT_OBJC_MSGSEND = YES;
				ENABLE_TESTABILITY = YES;
				GCC_C_LANGUAGE_STANDARD = gnu11;
				GCC_DYNAMIC_NO_PIC = NO;
				GCC_NO_COMMON_BLOCKS = YES;
				GCC_OPTIMIZATION_LEVEL = 0;
				GCC_PREPROCESSOR_DEFINITIONS = (
					"DEBUG=1",
					"$(inherited)",
				);
				GCC_WARN_64_TO_32_BIT_CONVERSION = YES;
				GCC_WARN_ABOUT_RETURN_TYPE = YES_ERROR;
				GCC_WARN_UNDECLARED_SELECTOR = YES;
				GCC_WARN_UNINITIALIZED_AUTOS = YES_AGGRESSIVE;
				GCC_WARN_UNUSED_FUNCTION = YES;
				GCC_WARN_UNUSED_VARIABLE = YES;
				IPHONEOS_DEPLOYMENT_TARGET = 11.3;
				MTL_ENABLE_DEBUG_INFO = YES;
				ONLY_ACTIVE_ARCH = YES;
				SDKROOT = iphoneos;
				SWIFT_ACTIVE_COMPILATION_CONDITIONS = DEBUG;
				SWIFT_OPTIMIZATION_LEVEL = "-Onone";
			};
			name = Debug;
		};
		A48833E7208E4771008315FF /* Release */ = {
			isa = XCBuildConfiguration;
			buildSettings = {
				ALWAYS_SEARCH_USER_PATHS = NO;
				CLANG_ANALYZER_NONNULL = YES;
				CLANG_ANALYZER_NUMBER_OBJECT_CONVERSION = YES_AGGRESSIVE;
				CLANG_CXX_LANGUAGE_STANDARD = "gnu++14";
				CLANG_CXX_LIBRARY = "libc++";
				CLANG_ENABLE_MODULES = YES;
				CLANG_ENABLE_OBJC_ARC = YES;
				CLANG_ENABLE_OBJC_WEAK = YES;
				CLANG_WARN_BLOCK_CAPTURE_AUTORELEASING = YES;
				CLANG_WARN_BOOL_CONVERSION = YES;
				CLANG_WARN_COMMA = YES;
				CLANG_WARN_CONSTANT_CONVERSION = YES;
				CLANG_WARN_DEPRECATED_OBJC_IMPLEMENTATIONS = YES;
				CLANG_WARN_DIRECT_OBJC_ISA_USAGE = YES_ERROR;
				CLANG_WARN_DOCUMENTATION_COMMENTS = YES;
				CLANG_WARN_EMPTY_BODY = YES;
				CLANG_WARN_ENUM_CONVERSION = YES;
				CLANG_WARN_INFINITE_RECURSION = YES;
				CLANG_WARN_INT_CONVERSION = YES;
				CLANG_WARN_NON_LITERAL_NULL_CONVERSION = YES;
				CLANG_WARN_OBJC_IMPLICIT_RETAIN_SELF = YES;
				CLANG_WARN_OBJC_LITERAL_CONVERSION = YES;
				CLANG_WARN_OBJC_ROOT_CLASS = YES_ERROR;
				CLANG_WARN_RANGE_LOOP_ANALYSIS = YES;
				CLANG_WARN_STRICT_PROTOTYPES = YES;
				CLANG_WARN_SUSPICIOUS_MOVE = YES;
				CLANG_WARN_UNGUARDED_AVAILABILITY = YES_AGGRESSIVE;
				CLANG_WARN_UNREACHABLE_CODE = YES;
				CLANG_WARN__DUPLICATE_METHOD_MATCH = YES;
				CODE_SIGN_IDENTITY = "iPhone Developer";
				COPY_PHASE_STRIP = NO;
				DEBUG_INFORMATION_FORMAT = "dwarf-with-dsym";
				ENABLE_NS_ASSERTIONS = NO;
				ENABLE_STRICT_OBJC_MSGSEND = YES;
				GCC_C_LANGUAGE_STANDARD = gnu11;
				GCC_NO_COMMON_BLOCKS = YES;
				GCC_WARN_64_TO_32_BIT_CONVERSION = YES;
				GCC_WARN_ABOUT_RETURN_TYPE = YES_ERROR;
				GCC_WARN_UNDECLARED_SELECTOR = YES;
				GCC_WARN_UNINITIALIZED_AUTOS = YES_AGGRESSIVE;
				GCC_WARN_UNUSED_FUNCTION = YES;
				GCC_WARN_UNUSED_VARIABLE = YES;
				IPHONEOS_DEPLOYMENT_TARGET = 11.3;
				MTL_ENABLE_DEBUG_INFO = NO;
				SDKROOT = iphoneos;
				SWIFT_COMPILATION_MODE = wholemodule;
				SWIFT_OPTIMIZATION_LEVEL = "-O";
				VALIDATE_PRODUCT = YES;
			};
			name = Release;
		};
		A48833E9208E4771008315FF /* Debug */ = {
			isa = XCBuildConfiguration;
			buildSettings = {
				ASSETCATALOG_COMPILER_APPICON_NAME = AppIcon;
				CODE_SIGN_STYLE = Automatic;
				INFOPLIST_FILE = Teste/Info.plist;
				LD_RUNPATH_SEARCH_PATHS = (
					"$(inherited)",
					"@executable_path/Frameworks",
				);
				PRODUCT_BUNDLE_IDENTIFIER = vmm.Teste;
				PRODUCT_NAME = "$(TARGET_NAME)";
				SWIFT_VERSION = 4.0;
				TARGETED_DEVICE_FAMILY = "1,2";
			};
			name = Debug;
		};
		A48833EA208E4771008315FF /* Release */ = {
			isa = XCBuildConfiguration;
			buildSettings = {
				ASSETCATALOG_COMPILER_APPICON_NAME = AppIcon;
				CODE_SIGN_STYLE = Automatic;
				INFOPLIST_FILE = Teste/Info.plist;
				LD_RUNPATH_SEARCH_PATHS = (
					"$(inherited)",
					"@executable_path/Frameworks",
				);
				PRODUCT_BUNDLE_IDENTIFIER = vmm.Teste;
				PRODUCT_NAME = "$(TARGET_NAME)";
				SWIFT_VERSION = 4.0;
				TARGETED_DEVICE_FAMILY = "1,2";
			};
			name = Release;
		};
		A48833EC208E4771008315FF /* Debug */ = {
			isa = XCBuildConfiguration;
			buildSettings = {
				ALWAYS_EMBED_SWIFT_STANDARD_LIBRARIES = YES;
				BUNDLE_LOADER = "$(TEST_HOST)";
				CODE_SIGN_STYLE = Automatic;
				INFOPLIST_FILE = TesteTests/Info.plist;
				LD_RUNPATH_SEARCH_PATHS = (
					"$(inherited)",
					"@executable_path/Frameworks",
					"@loader_path/Frameworks",
				);
				PRODUCT_BUNDLE_IDENTIFIER = vmm.TesteTests;
				PRODUCT_NAME = "$(TARGET_NAME)";
				SWIFT_VERSION = 4.0;
				TARGETED_DEVICE_FAMILY = "1,2";
				TEST_HOST = "$(BUILT_PRODUCTS_DIR)/Teste.app/Teste";
			};
			name = Debug;
		};
		A48833ED208E4771008315FF /* Release */ = {
			isa = XCBuildConfiguration;
			buildSettings = {
				ALWAYS_EMBED_SWIFT_STANDARD_LIBRARIES = YES;
				BUNDLE_LOADER = "$(TEST_HOST)";
				CODE_SIGN_STYLE = Automatic;
				INFOPLIST_FILE = TesteTests/Info.plist;
				LD_RUNPATH_SEARCH_PATHS = (
					"$(inherited)",
					"@executable_path/Frameworks",
					"@loader_path/Frameworks",
				);
				PRODUCT_BUNDLE_IDENTIFIER = vmm.TesteTests;
				PRODUCT_NAME = "$(TARGET_NAME)";
				SWIFT_VERSION = 4.0;
				TARGETED_DEVICE_FAMILY = "1,2";
				TEST_HOST = "$(BUILT_PRODUCTS_DIR)/Teste.app/Teste";
			};
			name = Release;
		};
		A48833EF208E4771008315FF /* Debug */ = {
			isa = XCBuildConfiguration;
			buildSettings = {
				ALWAYS_EMBED_SWIFT_STANDARD_LIBRARIES = YES;
				CODE_SIGN_STYLE = Automatic;
				INFOPLIST_FILE = TesteUITests/Info.plist;
				LD_RUNPATH_SEARCH_PATHS = (
					"$(inherited)",
					"@executable_path/Frameworks",
					"@loader_path/Frameworks",
				);
				PRODUCT_BUNDLE_IDENTIFIER = vmm.TesteUITests;
				PRODUCT_NAME = "$(TARGET_NAME)";
				SWIFT_VERSION = 4.0;
				TARGETED_DEVICE_FAMILY = "1,2";
				TEST_TARGET_NAME = Teste;
			};
			name = Debug;
		};
		A48833F0208E4771008315FF /* Release */ = {
			isa = XCBuildConfiguration;
			buildSettings = {
				ALWAYS_EMBED_SWIFT_STANDARD_LIBRARIES = YES;
				CODE_SIGN_STYLE = Automatic;
				INFOPLIST_FILE = TesteUITests/Info.plist;
				LD_RUNPATH_SEARCH_PATHS = (
					"$(inherited)",
					"@executable_path/Frameworks",
					"@loader_path/Frameworks",
				);
				PRODUCT_BUNDLE_IDENTIFIER = vmm.TesteUITests;
				PRODUCT_NAME = "$(TARGET_NAME)";
				SWIFT_VERSION = 4.0;
				TARGETED_DEVICE_FAMILY = "1,2";
				TEST_TARGET_NAME = Teste;
			};
			name = Release;
		};
/* End XCBuildConfiguration section */

/* Begin XCConfigurationList section */
		A48833BB208E476F008315FF /* Build configuration list for PBXProject "Teste" */ = {
			isa = XCConfigurationList;
			buildConfigurations = (
				A48833E6208E4771008315FF /* Debug */,
				A48833E7208E4771008315FF /* Release */,
			);
			defaultConfigurationIsVisible = 0;
			defaultConfigurationName = Release;
		};
		A48833E8208E4771008315FF /* Build configuration list for PBXNativeTarget "Teste" */ = {
			isa = XCConfigurationList;
			buildConfigurations = (
				A48833E9208E4771008315FF /* Debug */,
				A48833EA208E4771008315FF /* Release */,
			);
			defaultConfigurationIsVisible = 0;
			defaultConfigurationName = Release;
		};
		A48833EB208E4771008315FF /* Build configuration list for PBXNativeTarget "TesteTests" */ = {
			isa = XCConfigurationList;
			buildConfigurations = (
				A48833EC208E4771008315FF /* Debug */,
				A48833ED208E4771008315FF /* Release */,
			);
			defaultConfigurationIsVisible = 0;
			defaultConfigurationName = Release;
		};
		A48833EE208E4771008315FF /* Build configuration list for PBXNativeTarget "TesteUITests" */ = {
			isa = XCConfigurationList;
			buildConfigurations = (
				A48833EF208E4771008315FF /* Debug */,
				A48833F0208E4771008315FF /* Release */,
			);
			defaultConfigurationIsVisible = 0;
			defaultConfigurationName = Release;
		};
/* End XCConfigurationList section */
	};
	rootObject = A48833B8208E476F008315FF /* Project object */;
}
